
Microsoft Visual Studio Solution File, Format Version 12.00
# Visual Studio 14
VisualStudioVersion = 14.0.25420.1
MinimumVisualStudioVersion = 10.0.40219.1
Project("{FAE04EC0-301F-11D3-BF4B-00C04F79EFBC}") = "task3", "task3\task3.csproj", "{CAC6690F-77F7-469C-A0D0-99C5B863FE6D}"
EndProject
Global
	GlobalSection(SolutionConfigurationPlatforms) = preSolution
		Debug|Any CPU = Debug|Any CPU
		Release|Any CPU = Release|Any CPU
	EndGlobalSection
	GlobalSection(ProjectConfigurationPlatforms) = postSolution
		{CAC6690F-77F7-469C-A0D0-99C5B863FE6D}.Debug|Any CPU.ActiveCfg = Debug|Any CPU
		{CAC6690F-77F7-469C-A0D0-99C5B863FE6D}.Debug|Any CPU.Build.0 = Debug|Any CPU
		{CAC6690F-77F7-469C-A0D0-99C5B863FE6D}.Release|Any CPU.ActiveCfg = Release|Any CPU
		{CAC6690F-77F7-469C-A0D0-99C5B863FE6D}.Release|Any CPU.Build.0 = Release|Any CPU
	EndGlobalSection
	GlobalSection(SolutionProperties) = preSolution
		HideSolutionNode = FALSE
	EndGlobalSection
EndGlobal
